// !$*UTF8*$!
{
	archiveVersion = 1;
	classes = {
	};
	objectVersion = 48;
	objects = {

/* Begin PBXBuildFile section */
		FB10956C22332B1E00EF44EB /* SelectQuestionGroupViewController.swift in Sources */ = {isa = PBXBuildFile; fileRef = FB10956B22332B1E00EF44EB /* SelectQuestionGroupViewController.swift */; };
		FB10956E22332EB600EF44EB /* QuestionGroupCell.swift in Sources */ = {isa = PBXBuildFile; fileRef = FB10956D22332EB600EF44EB /* QuestionGroupCell.swift */; };
		FB97BA7B20C755CB00782645 /* AppDelegate.swift in Sources */ = {isa = PBXBuildFile; fileRef = FB97BA7A20C755CB00782645 /* AppDelegate.swift */; };
		FB97BA7D20C755CB00782645 /* QuestionViewController.swift in Sources */ = {isa = PBXBuildFile; fileRef = FB97BA7C20C755CB00782645 /* QuestionViewController.swift */; };
		FB97BA8020C755CB00782645 /* Main.storyboard in Resources */ = {isa = PBXBuildFile; fileRef = FB97BA7E20C755CB00782645 /* Main.storyboard */; };
		FB97BA9220C758F500782645 /* Question.swift in Sources */ = {isa = PBXBuildFile; fileRef = FB97BA9120C758F500782645 /* Question.swift */; };
		FB97BA9420C7592900782645 /* QuestionGroup.swift in Sources */ = {isa = PBXBuildFile; fileRef = FB97BA9320C7592900782645 /* QuestionGroup.swift */; };
		FB97BA9620C7598E00782645 /* QuestionGroupData.swift in Sources */ = {isa = PBXBuildFile; fileRef = FB97BA9520C7598E00782645 /* QuestionGroupData.swift */; };
		FB97BA9820C75A0800782645 /* Assets.xcassets in Resources */ = {isa = PBXBuildFile; fileRef = FB97BA9720C75A0800782645 /* Assets.xcassets */; };
		FB97BA9A20C75A2300782645 /* LaunchScreen.storyboard in Resources */ = {isa = PBXBuildFile; fileRef = FB97BA9920C75A2300782645 /* LaunchScreen.storyboard */; };
		FB97BA9C20C75AD100782645 /* QuestionView.swift in Sources */ = {isa = PBXBuildFile; fileRef = FB97BA9B20C75AD100782645 /* QuestionView.swift */; };
/* End PBXBuildFile section */

/* Begin PBXFileReference section */
		FB10956B22332B1E00EF44EB /* SelectQuestionGroupViewController.swift */ = {isa = PBXFileReference; lastKnownFileType = sourcecode.swift; path = SelectQuestionGroupViewController.swift; sourceTree = "<group>"; };
		FB10956D22332EB600EF44EB /* QuestionGroupCell.swift */ = {isa = PBXFileReference; lastKnownFileType = sourcecode.swift; path = QuestionGroupCell.swift; sourceTree = "<group>"; };
		FB97BA7720C755CB00782645 /* RabbleWabble.app */ = {isa = PBXFileReference; explicitFileType = wrapper.application; includeInIndex = 0; path = RabbleWabble.app; sourceTree = BUILT_PRODUCTS_DIR; };
		FB97BA7A20C755CB00782645 /* AppDelegate.swift */ = {isa = PBXFileReference; lastKnownFileType = sourcecode.swift; path = AppDelegate.swift; sourceTree = "<group>"; };
		FB97BA7C20C755CB00782645 /* QuestionViewController.swift */ = {isa = PBXFileReference; lastKnownFileType = sourcecode.swift; path = QuestionViewController.swift; sourceTree = "<group>"; };
		FB97BA7F20C755CB00782645 /* Base */ = {isa = PBXFileReference; lastKnownFileType = file.storyboard; name = Base; path = Base.lproj/Main.storyboard; sourceTree = "<group>"; };
		FB97BA8620C755CB00782645 /* Info.plist */ = {isa = PBXFileReference; lastKnownFileType = text.plist.xml; path = Info.plist; sourceTree = "<group>"; };
		FB97BA9120C758F500782645 /* Question.swift */ = {isa = PBXFileReference; lastKnownFileType = sourcecode.swift; path = Question.swift; sourceTree = "<group>"; };
		FB97BA9320C7592900782645 /* QuestionGroup.swift */ = {isa = PBXFileReference; lastKnownFileType = sourcecode.swift; path = QuestionGroup.swift; sourceTree = "<group>"; };
		FB97BA9520C7598E00782645 /* QuestionGroupData.swift */ = {isa = PBXFileReference; fileEncoding = 4; lastKnownFileType = sourcecode.swift; path = QuestionGroupData.swift; sourceTree = "<group>"; };
		FB97BA9720C75A0800782645 /* Assets.xcassets */ = {isa = PBXFileReference; lastKnownFileType = folder.assetcatalog; path = Assets.xcassets; sourceTree = "<group>"; };
		FB97BA9920C75A2300782645 /* LaunchScreen.storyboard */ = {isa = PBXFileReference; fileEncoding = 4; lastKnownFileType = file.storyboard; path = LaunchScreen.storyboard; sourceTree = "<group>"; };
		FB97BA9B20C75AD100782645 /* QuestionView.swift */ = {isa = PBXFileReference; lastKnownFileType = sourcecode.swift; path = QuestionView.swift; sourceTree = "<group>"; };
/* End PBXFileReference section */

/* Begin PBXFrameworksBuildPhase section */
		FB97BA7420C755CB00782645 /* Frameworks */ = {
			isa = PBXFrameworksBuildPhase;
			buildActionMask = 2147483647;
			files = (
			);
			runOnlyForDeploymentPostprocessing = 0;
		};
/* End PBXFrameworksBuildPhase section */

/* Begin PBXGroup section */
		FB97BA6E20C755CB00782645 = {
			isa = PBXGroup;
			children = (
				FB97BA7920C755CB00782645 /* RabbleWabble */,
				FB97BA7820C755CB00782645 /* Products */,
			);
			sourceTree = "<group>";
		};
		FB97BA7820C755CB00782645 /* Products */ = {
			isa = PBXGroup;
			children = (
				FB97BA7720C755CB00782645 /* RabbleWabble.app */,
			);
			name = Products;
			sourceTree = "<group>";
		};
		FB97BA7920C755CB00782645 /* RabbleWabble */ = {
			isa = PBXGroup;
			children = (
				FB97BA8C20C7563600782645 /* AppDelegate */,
				FB97BA8D20C7564F00782645 /* Controllers */,
				FB97BA8E20C7565F00782645 /* Models */,
				FB97BA8F20C7566C00782645 /* Resources */,
				FB97BA9020C7567A00782645 /* Views */,
			);
			path = RabbleWabble;
			sourceTree = "<group>";
		};
		FB97BA8C20C7563600782645 /* AppDelegate */ = {
			isa = PBXGroup;
			children = (
				FB97BA7A20C755CB00782645 /* AppDelegate.swift */,
			);
			path = AppDelegate;
			sourceTree = "<group>";
		};
		FB97BA8D20C7564F00782645 /* Controllers */ = {
			isa = PBXGroup;
			children = (
				FB97BA7C20C755CB00782645 /* QuestionViewController.swift */,
				FB10956B22332B1E00EF44EB /* SelectQuestionGroupViewController.swift */,
			);
			path = Controllers;
			sourceTree = "<group>";
		};
		FB97BA8E20C7565F00782645 /* Models */ = {
			isa = PBXGroup;
			children = (
				FB97BA9120C758F500782645 /* Question.swift */,
				FB97BA9320C7592900782645 /* QuestionGroup.swift */,
				FB97BA9520C7598E00782645 /* QuestionGroupData.swift */,
			);
			path = Models;
			sourceTree = "<group>";
		};
		FB97BA8F20C7566C00782645 /* Resources */ = {
			isa = PBXGroup;
			children = (
				FB97BA9720C75A0800782645 /* Assets.xcassets */,
				FB97BA8620C755CB00782645 /* Info.plist */,
			);
			path = Resources;
			sourceTree = "<group>";
		};
		FB97BA9020C7567A00782645 /* Views */ = {
			isa = PBXGroup;
			children = (
				FB97BA9920C75A2300782645 /* LaunchScreen.storyboard */,
				FB97BA7E20C755CB00782645 /* Main.storyboard */,
				FB97BA9B20C75AD100782645 /* QuestionView.swift */,
				FB10956D22332EB600EF44EB /* QuestionGroupCell.swift */,
			);
			path = Views;
			sourceTree = "<group>";
		};
/* End PBXGroup section */

/* Begin PBXNativeTarget section */
		FB97BA7620C755CB00782645 /* RabbleWabble */ = {
			isa = PBXNativeTarget;
			buildConfigurationList = FB97BA8920C755CB00782645 /* Build configuration list for PBXNativeTarget "RabbleWabble" */;
			buildPhases = (
				FB97BA7320C755CB00782645 /* Sources */,
				FB97BA7420C755CB00782645 /* Frameworks */,
				FB97BA7520C755CB00782645 /* Resources */,
			);
			buildRules = (
			);
			dependencies = (
			);
			name = RabbleWabble;
			productName = RabbleWabble;
			productReference = FB97BA7720C755CB00782645 /* RabbleWabble.app */;
			productType = "com.apple.product-type.application";
		};
/* End PBXNativeTarget section */

/* Begin PBXProject section */
		FB97BA6F20C755CB00782645 /* Project object */ = {
			isa = PBXProject;
			attributes = {
				LastSwiftUpdateCheck = 0920;
				LastUpgradeCheck = 0920;
				ORGANIZATIONNAME = "David Andres Cespedes";
				TargetAttributes = {
					FB97BA7620C755CB00782645 = {
						CreatedOnToolsVersion = 9.2;
						ProvisioningStyle = Automatic;
					};
				};
			};
			buildConfigurationList = FB97BA7220C755CB00782645 /* Build configuration list for PBXProject "RabbleWabble" */;
			compatibilityVersion = "Xcode 8.0";
			developmentRegion = en;
			hasScannedForEncodings = 0;
			knownRegions = (
				en,
				Base,
			);
			mainGroup = FB97BA6E20C755CB00782645;
			productRefGroup = FB97BA7820C755CB00782645 /* Products */;
			projectDirPath = "";
			projectRoot = "";
			targets = (
				FB97BA7620C755CB00782645 /* RabbleWabble */,
			);
		};
/* End PBXProject section */

/* Begin PBXResourcesBuildPhase section */
		FB97BA7520C755CB00782645 /* Resources */ = {
			isa = PBXResourcesBuildPhase;
			buildActionMask = 2147483647;
			files = (
				FB97BA9A20C75A2300782645 /* LaunchScreen.storyboard in Resources */,
				FB97BA9820C75A0800782645 /* Assets.xcassets in Resources */,
				FB97BA8020C755CB00782645 /* Main.storyboard in Resources */,
			);
			runOnlyForDeploymentPostprocessing = 0;
		};
/* End PBXResourcesBuildPhase section */

/* Begin PBXSourcesBuildPhase section */
		FB97BA7320C755CB00782645 /* Sources */ = {
			isa = PBXSourcesBuildPhase;
			buildActionMask = 2147483647;
			files = (
				FB97BA9220C758F500782645 /* Question.swift in Sources */,
				FB97BA7D20C755CB00782645 /* QuestionViewController.swift in Sources */,
				FB97BA7B20C755CB00782645 /* AppDelegate.swift in Sources */,
				FB97BA9420C7592900782645 /* QuestionGroup.swift in Sources */,
				FB97BA9C20C75AD100782645 /* QuestionView.swift in Sources */,
				FB97BA9620C7598E00782645 /* QuestionGroupData.swift in Sources */,
				FB10956C22332B1E00EF44EB /* SelectQuestionGroupViewController.swift in Sources */,
				FB10956E22332EB600EF44EB /* QuestionGroupCell.swift in Sources */,
			);
			runOnlyForDeploymentPostprocessing = 0;
		};
/* End PBXSourcesBuildPhase section */

/* Begin PBXVariantGroup section */
		FB97BA7E20C755CB00782645 /* Main.storyboard */ = {
			isa = PBXVariantGroup;
			children = (
				FB97BA7F20C755CB00782645 /* Base */,
			);
			name = Main.storyboard;
			sourceTree = "<group>";
		};
/* End PBXVariantGroup section */

/* Begin XCBuildConfiguration section */
		FB97BA8720C755CB00782645 /* Debug */ = {
			isa = XCBuildConfiguration;
			buildSettings = {
				ALWAYS_SEARCH_USER_PATHS = NO;
				CLANG_ANALYZER_NONNULL = YES;
				CLANG_ANALYZER_NUMBER_OBJECT_CONVERSION = YES_AGGRESSIVE;
				CLANG_CXX_LANGUAGE_STANDARD = "gnu++14";
				CLANG_CXX_LIBRARY = "libc++";
				CLANG_ENABLE_MODULES = YES;
				CLANG_ENABLE_OBJC_ARC = YES;
				CLANG_WARN_BLOCK_CAPTURE_AUTORELEASING = YES;
				CLANG_WARN_BOOL_CONVERSION = YES;
				CLANG_WARN_COMMA = YES;
				CLANG_WARN_CONSTANT_CONVERSION = YES;
				CLANG_WARN_DIRECT_OBJC_ISA_USAGE = YES_ERROR;
				CLANG_WARN_DOCUMENTATION_COMMENTS = YES;
				CLANG_WARN_EMPTY_BODY = YES;
				CLANG_WARN_ENUM_CONVERSION = YES;
				CLANG_WARN_INFINITE_RECURSION = YES;
				CLANG_WARN_INT_CONVERSION = YES;
				CLANG_WARN_NON_LITERAL_NULL_CONVERSION = YES;
				CLANG_WARN_OBJC_LITERAL_CONVERSION = YES;
				CLANG_WARN_OBJC_ROOT_CLASS = YES_ERROR;
				CLANG_WARN_RANGE_LOOP_ANALYSIS = YES;
				CLANG_WARN_STRICT_PROTOTYPES = YES;
				CLANG_WARN_SUSPICIOUS_MOVE = YES;
				CLANG_WARN_UNGUARDED_AVAILABILITY = YES_AGGRESSIVE;
				CLANG_WARN_UNREACHABLE_CODE = YES;
				CLANG_WARN__DUPLICATE_METHOD_MATCH = YES;
				CODE_SIGN_IDENTITY = "iPhone Developer";
				COPY_PHASE_STRIP = NO;
				DEBUG_INFORMATION_FORMAT = dwarf;
				ENABLE_STRICT_OBJC_MSGSEND = YES;
				ENABLE_TESTABILITY = YES;
				GCC_C_LANGUAGE_STANDARD = gnu11;
				GCC_DYNAMIC_NO_PIC = NO;
				GCC_NO_COMMON_BLOCKS = YES;
				GCC_OPTIMIZATION_LEVEL = 0;
				GCC_PREPROCESSOR_DEFINITIONS = (
					"DEBUG=1",
					"$(inherited)",
				);
				GCC_WARN_64_TO_32_BIT_CONVERSION = YES;
				GCC_WARN_ABOUT_RETURN_TYPE = YES_ERROR;
				GCC_WARN_UNDECLARED_SELECTOR = YES;
				GCC_WARN_UNINITIALIZED_AUTOS = YES_AGGRESSIVE;
				GCC_WARN_UNUSED_FUNCTION = YES;
				GCC_WARN_UNUSED_VARIABLE = YES;
				IPHONEOS_DEPLOYMENT_TARGET = 11.2;
				MTL_ENABLE_DEBUG_INFO = YES;
				ONLY_ACTIVE_ARCH = YES;
				SDKROOT = iphoneos;
				SWIFT_ACTIVE_COMPILATION_CONDITIONS = DEBUG;
				SWIFT_OPTIMIZATION_LEVEL = "-Onone";
			};
			name = Debug;
		};
		FB97BA8820C755CB00782645 /* Release */ = {
			isa = XCBuildConfiguration;
			buildSettings = {
				ALWAYS_SEARCH_USER_PATHS = NO;
				CLANG_ANALYZER_NONNULL = YES;
				CLANG_ANALYZER_NUMBER_OBJECT_CONVERSION = YES_AGGRESSIVE;
				CLANG_CXX_LANGUAGE_STANDARD = "gnu++14";
				CLANG_CXX_LIBRARY = "libc++";
				CLANG_ENABLE_MODULES = YES;
				CLANG_ENABLE_OBJC_ARC = YES;
				CLANG_WARN_BLOCK_CAPTURE_AUTORELEASING = YES;
				CLANG_WARN_BOOL_CONVERSION = YES;
				CLANG_WARN_COMMA = YES;
				CLANG_WARN_CONSTANT_CONVERSION = YES;
				CLANG_WARN_DIRECT_OBJC_ISA_USAGE = YES_ERROR;
				CLANG_WARN_DOCUMENTATION_COMMENTS = YES;
				CLANG_WARN_EMPTY_BODY = YES;
				CLANG_WARN_ENUM_CONVERSION = YES;
				CLANG_WARN_INFINITE_RECURSION = YES;
				CLANG_WARN_INT_CONVERSION = YES;
				CLANG_WARN_NON_LITERAL_NULL_CONVERSION = YES;
				CLANG_WARN_OBJC_LITERAL_CONVERSION = YES;
				CLANG_WARN_OBJC_ROOT_CLASS = YES_ERROR;
				CLANG_WARN_RANGE_LOOP_ANALYSIS = YES;
				CLANG_WARN_STRICT_PROTOTYPES = YES;
				CLANG_WARN_SUSPICIOUS_MOVE = YES;
				CLANG_WARN_UNGUARDED_AVAILABILITY = YES_AGGRESSIVE;
				CLANG_WARN_UNREACHABLE_CODE = YES;
				CLANG_WARN__DUPLICATE_METHOD_MATCH = YES;
				CODE_SIGN_IDENTITY = "iPhone Developer";
				COPY_PHASE_STRIP = NO;
				DEBUG_INFORMATION_FORMAT = "dwarf-with-dsym";
				ENABLE_NS_ASSERTIONS = NO;
				ENABLE_STRICT_OBJC_MSGSEND = YES;
				GCC_C_LANGUAGE_STANDARD = gnu11;
				GCC_NO_COMMON_BLOCKS = YES;
				GCC_WARN_64_TO_32_BIT_CONVERSION = YES;
				GCC_WARN_ABOUT_RETURN_TYPE = YES_ERROR;
				GCC_WARN_UNDECLARED_SELECTOR = YES;
				GCC_WARN_UNINITIALIZED_AUTOS = YES_AGGRESSIVE;
				GCC_WARN_UNUSED_FUNCTION = YES;
				GCC_WARN_UNUSED_VARIABLE = YES;
				IPHONEOS_DEPLOYMENT_TARGET = 11.2;
				MTL_ENABLE_DEBUG_INFO = NO;
				SDKROOT = iphoneos;
				SWIFT_OPTIMIZATION_LEVEL = "-Owholemodule";
				VALIDATE_PRODUCT = YES;
			};
			name = Release;
		};
		FB97BA8A20C755CB00782645 /* Debug */ = {
			isa = XCBuildConfiguration;
			buildSettings = {
				ASSETCATALOG_COMPILER_APPICON_NAME = AppIcon;
				CODE_SIGN_STYLE = Automatic;
				INFOPLIST_FILE = "$(SRCROOT)/RabbleWabble/Resources/Info.plist";
				LD_RUNPATH_SEARCH_PATHS = "$(inherited) @executable_path/Frameworks";
				PRODUCT_BUNDLE_IDENTIFIER = com.lsrmarketingservice.RabbleWabble;
				PRODUCT_NAME = "$(TARGET_NAME)";
				SWIFT_VERSION = 4.0;
				TARGETED_DEVICE_FAMILY = "1,2";
			};
			name = Debug;
		};
		FB97BA8B20C755CB00782645 /* Release */ = {
			isa = XCBuildConfiguration;
			buildSettings = {
				ASSETCATALOG_COMPILER_APPICON_NAME = AppIcon;
				CODE_SIGN_STYLE = Automatic;
				INFOPLIST_FILE = "$(SRCROOT)/RabbleWabble/Resources/Info.plist";
				LD_RUNPATH_SEARCH_PATHS = "$(inherited) @executable_path/Frameworks";
				PRODUCT_BUNDLE_IDENTIFIER = com.lsrmarketingservice.RabbleWabble;
				PRODUCT_NAME = "$(TARGET_NAME)";
				SWIFT_VERSION = 4.0;
				TARGETED_DEVICE_FAMILY = "1,2";
			};
			name = Release;
		};
/* End XCBuildConfiguration section */

/* Begin XCConfigurationList section */
		FB97BA7220C755CB00782645 /* Build configuration list for PBXProject "RabbleWabble" */ = {
			isa = XCConfigurationList;
			buildConfigurations = (
				FB97BA8720C755CB00782645 /* Debug */,
				FB97BA8820C755CB00782645 /* Release */,
			);
			defaultConfigurationIsVisible = 0;
			defaultConfigurationName = Release;
		};
		FB97BA8920C755CB00782645 /* Build configuration list for PBXNativeTarget "RabbleWabble" */ = {
			isa = XCConfigurationList;
			buildConfigurations = (
				FB97BA8A20C755CB00782645 /* Debug */,
				FB97BA8B20C755CB00782645 /* Release */,
			);
			defaultConfigurationIsVisible = 0;
			defaultConfigurationName = Release;
		};
/* End XCConfigurationList section */
	};
	rootObject = FB97BA6F20C755CB00782645 /* Project object */;
}
